
Microsoft Visual Studio Solution File, Format Version 12.00
# Visual Studio Version 17
VisualStudioVersion = 17.3.32929.385
MinimumVisualStudioVersion = 10.0.40219.1
Project("{FAE04EC0-301F-11D3-BF4B-00C04F79EFBC}") = "Noughts and Crosses", "Noughts and Crosses\Noughts and Crosses.csproj", "{9CAA0958-F17B-4183-8072-46DE9D593C8E}"
EndProject
Global
	GlobalSection(SolutionConfigurationPlatforms) = preSolution
		Debug|Any CPU = Debug|Any CPU
		Release|Any CPU = Release|Any CPU
	EndGlobalSection
	GlobalSection(ProjectConfigurationPlatforms) = postSolution
		{9CAA0958-F17B-4183-8072-46DE9D593C8E}.Debug|Any CPU.ActiveCfg = Debug|Any CPU
		{9CAA0958-F17B-4183-8072-46DE9D593C8E}.Debug|Any CPU.Build.0 = Debug|Any CPU
		{9CAA0958-F17B-4183-8072-46DE9D593C8E}.Release|Any CPU.ActiveCfg = Release|Any CPU
		{9CAA0958-F17B-4183-8072-46DE9D593C8E}.Release|Any CPU.Build.0 = Release|Any CPU
	EndGlobalSection
	GlobalSection(SolutionProperties) = preSolution
		HideSolutionNode = FALSE
	EndGlobalSection
	GlobalSection(ExtensibilityGlobals) = postSolution
		SolutionGuid = {E52A3BE2-9FFF-4BAA-A56F-DD9309A68B92}
	EndGlobalSection
EndGlobal
